
Microsoft Visual Studio Solution File, Format Version 12.00
# Visual Studio Version 17
VisualStudioVersion = 17.7.34031.279
MinimumVisualStudioVersion = 10.0.40219.1
Project("{9A19103F-16F7-4668-BE54-9A1E7A4F7556}") = "Folha-Pagamento-Web", "Folha-Pagamento-Web\Folha-Pagamento-Web.csproj", "{5407EB44-FAF1-4638-98B7-7A276D7785A5}"
EndProject
Global
	GlobalSection(SolutionConfigurationPlatforms) = preSolution
		Debug|Any CPU = Debug|Any CPU
		Release|Any CPU = Release|Any CPU
	EndGlobalSection
	GlobalSection(ProjectConfigurationPlatforms) = postSolution
		{5407EB44-FAF1-4638-98B7-7A276D7785A5}.Debug|Any CPU.ActiveCfg = Debug|Any CPU
		{5407EB44-FAF1-4638-98B7-7A276D7785A5}.Debug|Any CPU.Build.0 = Debug|Any CPU
		{5407EB44-FAF1-4638-98B7-7A276D7785A5}.Release|Any CPU.ActiveCfg = Release|Any CPU
		{5407EB44-FAF1-4638-98B7-7A276D7785A5}.Release|Any CPU.Build.0 = Release|Any CPU
	EndGlobalSection
	GlobalSection(SolutionProperties) = preSolution
		HideSolutionNode = FALSE
	EndGlobalSection
	GlobalSection(ExtensibilityGlobals) = postSolution
		SolutionGuid = {2DD1C919-BBBD-4875-9757-A79DC1B5D95B}
	EndGlobalSection
EndGlobal
